<?xml version="1.0" encoding="utf-8"?>
<Project ToolsVersion="4.0" xmlns="http://schemas.microsoft.com/developer/msbuild/2003">
  <ItemGroup>
    <ClCompile Include="oxi\game.cpp" />
    <ClCompile Include="oxi\main.cpp" />
    <ClCompile Include="oxi\play_ground_scene.cpp" />
    <ClCompile Include="oxi\title_scene.cpp" />
    <ClCompile Include="oxi\sequence.cpp" />
  </ItemGroup>
  <ItemGroup>
    <ClInclude Include="oxi\game.hpp" />
    <ClInclude Include="oxi\main.hpp" />
    <ClInclude Include="oxi\sequence.hpp" />
    <ClInclude Include="oxi\play_ground_scene.hpp" />
    <ClInclude Include="oxi\title_scene.hpp" />
    <ClInclude Include="oxi\i_scene.hpp" />
  </ItemGroup>
</Project>