<?xml version="1.0" encoding="utf-8"?>
<Project ToolsVersion="4.0" xmlns="http://schemas.microsoft.com/developer/msbuild/2003">
  <ItemGroup>
    <ClCompile Include="oxi\game.cpp" />
    <ClCompile Include="oxi\main.cpp" />
    <ClCompile Include="oxi\scene\scene_factory.cpp" />
    <ClCompile Include="oxi\scene\title_scene.cpp" />
    <ClCompile Include="oxi\scene\play_ground_scene.cpp" />
    <ClCompile Include="oxi\controller\controller.cpp" />
    <ClCompile Include="oxi\controller\controller.hpp" />
    <ClCompile Include="oxi\game_const.cpp" />
    <ClCompile Include="oxi\scene\object\mock_enemy.cpp" />
    <ClCompile Include="oxi\scene\object\mock_ground.cpp" />
    <ClCompile Include="oxi\scene\object\mock_object.cpp" />
    <ClCompile Include="oxi\scene\object\title_back.cpp" />
    <ClCompile Include="oxi\scene\scene_const.cpp" />
    <ClCompile Include="oxi\scene\object\sound_resources.cpp" />
    <ClCompile Include="oxi\scene\object\object_const.cpp" />
    <ClCompile Include="oxi\scene\object\image_resources.cpp" />
    <ClCompile Include="oxi\scene\object\object_kind.cpp" />
    <ClCompile Include="oxi\scene\object\spawn_factory.cpp" />
    <ClCompile Include="oxi\scene\object\gate_factory.cpp" />
    <ClCompile Include="oxi\scene\object\mock_gate.cpp" />
    <ClCompile Include="oxi\scene\object\spawn_mock_object.cpp" />
    <ClCompile Include="oxi\scene\object\spawn_mock_ground.cpp" />
    <ClCompile Include="oxi\scene\object\spawn_mock_enemy.cpp" />
    <ClCompile Include="oxi\scene\object\spawn_mock_background.cpp" />
    <ClCompile Include="oxi\scene\object\bullet.cpp" />
    <ClCompile Include="oxi\scene\object\spawn_bullet.cpp" />
    <ClCompile Include="oxi\scene\object\mock_background.cpp" />
    <ClCompile Include="oxi\scene\object\camera.cpp" />
    <ClCompile Include="oxi\scene\object\camera_factory.cpp" />
    <ClCompile Include="oxi\scene\object\wall.cpp" />
    <ClCompile Include="oxi\scene\object\spawn_wall.cpp" />
  </ItemGroup>
  <ItemGroup>
    <ClInclude Include="oxi\game.hpp" />
    <ClInclude Include="oxi\main.hpp" />
    <ClInclude Include="oxi\i_scene.hpp" />
    <ClInclude Include="oxi\i_scene_factory.hpp" />
    <ClInclude Include="oxi\scene\scene_factory.hpp" />
    <ClInclude Include="oxi\scene\title_scene.hpp" />
    <ClInclude Include="oxi\scene\play_ground_scene.hpp" />
    <ClInclude Include="oxi\i_controller.hpp" />
    <ClInclude Include="oxi\game_const.hpp" />
    <ClInclude Include="oxi\scene\object\mock_enemy.hpp" />
    <ClInclude Include="oxi\scene\object\mock_ground.hpp" />
    <ClInclude Include="oxi\scene\object\mock_object.hpp" />
    <ClInclude Include="oxi\scene\object\position.hpp" />
    <ClInclude Include="oxi\scene\object\title_back.hpp" />
    <ClInclude Include="oxi\scene\scene_const.hpp" />
    <ClInclude Include="oxi\scene\i_spawn_factory.hpp" />
    <ClInclude Include="oxi\scene\i_spawn.hpp" />
    <ClInclude Include="oxi\scene\i_object.hpp" />
    <ClInclude Include="oxi\scene\i_gate.hpp" />
    <ClInclude Include="oxi\scene\i_position.hpp" />
    <ClInclude Include="oxi\scene\i_gate_factory.hpp" />
    <ClInclude Include="oxi\scene\object\object_kind.hpp" />
    <ClInclude Include="oxi\scene\object\image_resources.hpp" />
    <ClInclude Include="oxi\scene\object\sound_resources.hpp" />
    <ClInclude Include="oxi\scene\object\object_const.hpp" />
    <ClInclude Include="oxi\scene\object\spawn_factory.hpp" />
    <ClInclude Include="oxi\scene\object\gate_factory.hpp" />
    <ClInclude Include="oxi\scene\object\spawn_mock_object.hpp" />
    <ClInclude Include="oxi\scene\object\mock_gate.hpp" />
    <ClInclude Include="oxi\scene\object\spawn_mock_ground.hpp" />
    <ClInclude Include="oxi\scene\object\spawn_mock_enemy.hpp" />
    <ClInclude Include="oxi\scene\object\spawn_mock_background.hpp" />
    <ClInclude Include="oxi\scene\object\bullet.hpp" />
    <ClInclude Include="oxi\scene\object\spawn_bullet.hpp" />
    <ClInclude Include="oxi\scene\object\mock_background.hpp" />
    <ClInclude Include="oxi\scene\i_camera.hpp" />
    <ClInclude Include="oxi\scene\object\camera.hpp" />
    <ClInclude Include="oxi\scene\i_camera_factory.hpp" />
    <ClInclude Include="oxi\scene\object\camera_factory.hpp" />
    <ClInclude Include="oxi\scene\object\wall.hpp" />
    <ClInclude Include="oxi\scene\object\spawn_wall.hpp" />
  </ItemGroup>
</Project>